
Microsoft Visual Studio Solution File, Format Version 12.00
# Visual Studio Version 17
VisualStudioVersion = 17.0.31903.59
MinimumVisualStudioVersion = 10.0.40219.1
Project("{FAE04EC0-301F-11D3-BF4B-00C04F79EFBC}") = "Expat", "Expat\Expat.csproj", "{80296B09-B113-4A8E-B5A9-598474B0A77F}"
EndProject
Project("{FAE04EC0-301F-11D3-BF4B-00C04F79EFBC}") = "Expat.Test", "Expat.Test\Expat.Test.csproj", "{BE6143DC-F6C8-40A1-8C3E-42A436060757}"
EndProject
Project("{FAE04EC0-301F-11D3-BF4B-00C04F79EFBC}") = "Expat.ConsoleTest", "Expat.ConsoleTest\Expat.ConsoleTest.csproj", "{091FA34E-AF4F-405B-A7C8-F0848C003E0D}"
EndProject
Global
	GlobalSection(SolutionConfigurationPlatforms) = preSolution
		Debug|Any CPU = Debug|Any CPU
		Release|Any CPU = Release|Any CPU
	EndGlobalSection
	GlobalSection(SolutionProperties) = preSolution
		HideSolutionNode = FALSE
	EndGlobalSection
	GlobalSection(ProjectConfigurationPlatforms) = postSolution
		{80296B09-B113-4A8E-B5A9-598474B0A77F}.Debug|Any CPU.ActiveCfg = Debug|Any CPU
		{80296B09-B113-4A8E-B5A9-598474B0A77F}.Debug|Any CPU.Build.0 = Debug|Any CPU
		{80296B09-B113-4A8E-B5A9-598474B0A77F}.Release|Any CPU.ActiveCfg = Release|Any CPU
		{80296B09-B113-4A8E-B5A9-598474B0A77F}.Release|Any CPU.Build.0 = Release|Any CPU
		{BE6143DC-F6C8-40A1-8C3E-42A436060757}.Debug|Any CPU.ActiveCfg = Debug|Any CPU
		{BE6143DC-F6C8-40A1-8C3E-42A436060757}.Debug|Any CPU.Build.0 = Debug|Any CPU
		{BE6143DC-F6C8-40A1-8C3E-42A436060757}.Release|Any CPU.ActiveCfg = Release|Any CPU
		{BE6143DC-F6C8-40A1-8C3E-42A436060757}.Release|Any CPU.Build.0 = Release|Any CPU
		{091FA34E-AF4F-405B-A7C8-F0848C003E0D}.Debug|Any CPU.ActiveCfg = Debug|Any CPU
		{091FA34E-AF4F-405B-A7C8-F0848C003E0D}.Debug|Any CPU.Build.0 = Debug|Any CPU
		{091FA34E-AF4F-405B-A7C8-F0848C003E0D}.Release|Any CPU.ActiveCfg = Release|Any CPU
		{091FA34E-AF4F-405B-A7C8-F0848C003E0D}.Release|Any CPU.Build.0 = Release|Any CPU
	EndGlobalSection
EndGlobal
